Microsoft Visual Studio Solution File, Format Version 8.00
Project("{FAE04EC0-301F-11D3-BF4B-00C04F79EFBC}") = "EditSamples", "EditSamples.csproj", "{2BB7E1FD-9E33-4E8C-A37D-6A44D767AA34}"
	ProjectSection(ProjectDependencies) = postProject
	EndProjectSection
EndProject
Global
	GlobalSection(SolutionConfiguration) = preSolution
		Debug = Debug
		Release = Release
	EndGlobalSection
	GlobalSection(ProjectConfiguration) = postSolution
		{2BB7E1FD-9E33-4E8C-A37D-6A44D767AA34}.Debug.ActiveCfg = Debug|.NET
		{2BB7E1FD-9E33-4E8C-A37D-6A44D767AA34}.Debug.Build.0 = Debug|.NET
		{2BB7E1FD-9E33-4E8C-A37D-6A44D767AA34}.Release.ActiveCfg = Release|.NET
		{2BB7E1FD-9E33-4E8C-A37D-6A44D767AA34}.Release.Build.0 = Release|.NET
	EndGlobalSection
	GlobalSection(ExtensibilityGlobals) = postSolution
	EndGlobalSection
	GlobalSection(ExtensibilityAddIns) = postSolution
	EndGlobalSection
EndGlobal
