Microsoft Visual Studio Solution File, Format Version 8.00
Project("{FAE04EC0-301F-11D3-BF4B-00C04F79EFBC}") = "DataAdapters", "DataAdapters.csproj", "{456148BF-4E6C-4913-9C68-7AA748DA6555}"
	ProjectSection(ProjectDependencies) = postProject
	EndProjectSection
EndProject
Global
	GlobalSection(SolutionConfiguration) = preSolution
		Debug = Debug
		Release = Release
	EndGlobalSection
	GlobalSection(ProjectConfiguration) = postSolution
		{456148BF-4E6C-4913-9C68-7AA748DA6555}.Debug.ActiveCfg = Debug|.NET
		{456148BF-4E6C-4913-9C68-7AA748DA6555}.Debug.Build.0 = Debug|.NET
		{456148BF-4E6C-4913-9C68-7AA748DA6555}.Release.ActiveCfg = Release|.NET
		{456148BF-4E6C-4913-9C68-7AA748DA6555}.Release.Build.0 = Release|.NET
	EndGlobalSection
	GlobalSection(ExtensibilityGlobals) = postSolution
	EndGlobalSection
	GlobalSection(ExtensibilityAddIns) = postSolution
	EndGlobalSection
EndGlobal
