Microsoft Visual Studio Solution File, Format Version 8.00
Project("{FAE04EC0-301F-11D3-BF4B-00C04F79EFBC}") = "DataViews", "DataViews.csproj", "{3E1D002C-EE34-4884-A921-3F7BF30532D8}"
	ProjectSection(ProjectDependencies) = postProject
	EndProjectSection
EndProject
Global
	GlobalSection(SolutionConfiguration) = preSolution
		Debug = Debug
		Release = Release
	EndGlobalSection
	GlobalSection(ProjectConfiguration) = postSolution
		{3E1D002C-EE34-4884-A921-3F7BF30532D8}.Debug.ActiveCfg = Debug|.NET
		{3E1D002C-EE34-4884-A921-3F7BF30532D8}.Debug.Build.0 = Debug|.NET
		{3E1D002C-EE34-4884-A921-3F7BF30532D8}.Release.ActiveCfg = Release|.NET
		{3E1D002C-EE34-4884-A921-3F7BF30532D8}.Release.Build.0 = Release|.NET
	EndGlobalSection
	GlobalSection(ExtensibilityGlobals) = postSolution
	EndGlobalSection
	GlobalSection(ExtensibilityAddIns) = postSolution
	EndGlobalSection
EndGlobal
